// !$*UTF8*$!
{
	archiveVersion = 1;
	classes = {
	};
	objectVersion = 56;
	objects = {

/* Begin PBXBuildFile section */
		B4EC4D59298800A800B700BA /* AlbumResponse.swift in Sources */ = {isa = PBXBuildFile; fileRef = B4EC4D58298800A800B700BA /* AlbumResponse.swift */; };
		B4EC4D5B2988021D00B700BA /* AlbumEndPoint.swift in Sources */ = {isa = PBXBuildFile; fileRef = B4EC4D5A2988021D00B700BA /* AlbumEndPoint.swift */; };
		B4EC4D5D2988066800B700BA /* AppError.swift in Sources */ = {isa = PBXBuildFile; fileRef = B4EC4D5C2988066800B700BA /* AppError.swift */; };
		B4EC4D5F2988072E00B700BA /* AlbumError.swift in Sources */ = {isa = PBXBuildFile; fileRef = B4EC4D5E2988072E00B700BA /* AlbumError.swift */; };
		B4EC4D61298807E400B700BA /* MuzikApp.swift in Sources */ = {isa = PBXBuildFile; fileRef = B4EC4D60298807E400B700BA /* MuzikApp.swift */; };
		B4FD37C72987C92F00245E0C /* AppView.swift in Sources */ = {isa = PBXBuildFile; fileRef = B4FD37C62987C92F00245E0C /* AppView.swift */; };
		B4FD37C92987C93000245E0C /* Assets.xcassets in Resources */ = {isa = PBXBuildFile; fileRef = B4FD37C82987C93000245E0C /* Assets.xcassets */; };
		B4FD37D62987C93000245E0C /* AlbumViewTests.swift in Sources */ = {isa = PBXBuildFile; fileRef = B4FD37D52987C93000245E0C /* AlbumViewTests.swift */; };
		B4FD37F02987CBB300245E0C /* ComposableArchitecture in Frameworks */ = {isa = PBXBuildFile; productRef = B4FD37EF2987CBB300245E0C /* ComposableArchitecture */; };
		B4FD37F32987CC0200245E0C /* Microya in Frameworks */ = {isa = PBXBuildFile; productRef = B4FD37F22987CC0200245E0C /* Microya */; };
		B4FD37FB2987EC4500245E0C /* AlbumView.swift in Sources */ = {isa = PBXBuildFile; fileRef = B4FD37FA2987EC4500245E0C /* AlbumView.swift */; };
		B4FD37FD2987EC9700245E0C /* AlbumStore.swift in Sources */ = {isa = PBXBuildFile; fileRef = B4FD37FC2987EC9700245E0C /* AlbumStore.swift */; };
		B4FD37FF2987F2B200245E0C /* ImageView.swift in Sources */ = {isa = PBXBuildFile; fileRef = B4FD37FE2987F2B200245E0C /* ImageView.swift */; };
		B4FD38012987F2E300245E0C /* ImageViewStore.swift in Sources */ = {isa = PBXBuildFile; fileRef = B4FD38002987F2E300245E0C /* ImageViewStore.swift */; };
		B4FD38042987F6BB00245E0C /* Constants.swift in Sources */ = {isa = PBXBuildFile; fileRef = B4FD38032987F6BB00245E0C /* Constants.swift */; };
/* End PBXBuildFile section */

/* Begin PBXContainerItemProxy section */
		B4FD37D22987C93000245E0C /* PBXContainerItemProxy */ = {
			isa = PBXContainerItemProxy;
			containerPortal = B4FD37B92987C92F00245E0C /* Project object */;
			proxyType = 1;
			remoteGlobalIDString = B4FD37C02987C92F00245E0C;
			remoteInfo = Muzik;
		};
/* End PBXContainerItemProxy section */

/* Begin PBXFileReference section */
		B4EC4D58298800A800B700BA /* AlbumResponse.swift */ = {isa = PBXFileReference; lastKnownFileType = sourcecode.swift; path = AlbumResponse.swift; sourceTree = "<group>"; };
		B4EC4D5A2988021D00B700BA /* AlbumEndPoint.swift */ = {isa = PBXFileReference; lastKnownFileType = sourcecode.swift; path = AlbumEndPoint.swift; sourceTree = "<group>"; };
		B4EC4D5C2988066800B700BA /* AppError.swift */ = {isa = PBXFileReference; lastKnownFileType = sourcecode.swift; path = AppError.swift; sourceTree = "<group>"; };
		B4EC4D5E2988072E00B700BA /* AlbumError.swift */ = {isa = PBXFileReference; lastKnownFileType = sourcecode.swift; path = AlbumError.swift; sourceTree = "<group>"; };
		B4EC4D60298807E400B700BA /* MuzikApp.swift */ = {isa = PBXFileReference; lastKnownFileType = sourcecode.swift; path = MuzikApp.swift; sourceTree = "<group>"; };
		B4FD37C12987C92F00245E0C /* Muzik.app */ = {isa = PBXFileReference; explicitFileType = wrapper.application; includeInIndex = 0; path = Muzik.app; sourceTree = BUILT_PRODUCTS_DIR; };
		B4FD37C62987C92F00245E0C /* AppView.swift */ = {isa = PBXFileReference; lastKnownFileType = sourcecode.swift; path = AppView.swift; sourceTree = "<group>"; };
		B4FD37C82987C93000245E0C /* Assets.xcassets */ = {isa = PBXFileReference; lastKnownFileType = folder.assetcatalog; path = Assets.xcassets; sourceTree = "<group>"; };
		B4FD37D12987C93000245E0C /* MuzikTests.xctest */ = {isa = PBXFileReference; explicitFileType = wrapper.cfbundle; includeInIndex = 0; path = MuzikTests.xctest; sourceTree = BUILT_PRODUCTS_DIR; };
		B4FD37D52987C93000245E0C /* AlbumViewTests.swift */ = {isa = PBXFileReference; lastKnownFileType = sourcecode.swift; path = AlbumViewTests.swift; sourceTree = "<group>"; };
		B4FD37FA2987EC4500245E0C /* AlbumView.swift */ = {isa = PBXFileReference; lastKnownFileType = sourcecode.swift; path = AlbumView.swift; sourceTree = "<group>"; };
		B4FD37FC2987EC9700245E0C /* AlbumStore.swift */ = {isa = PBXFileReference; lastKnownFileType = sourcecode.swift; path = AlbumStore.swift; sourceTree = "<group>"; };
		B4FD37FE2987F2B200245E0C /* ImageView.swift */ = {isa = PBXFileReference; lastKnownFileType = sourcecode.swift; path = ImageView.swift; sourceTree = "<group>"; };
		B4FD38002987F2E300245E0C /* ImageViewStore.swift */ = {isa = PBXFileReference; lastKnownFileType = sourcecode.swift; path = ImageViewStore.swift; sourceTree = "<group>"; };
		B4FD38032987F6BB00245E0C /* Constants.swift */ = {isa = PBXFileReference; lastKnownFileType = sourcecode.swift; path = Constants.swift; sourceTree = "<group>"; };
/* End PBXFileReference section */

/* Begin PBXFrameworksBuildPhase section */
		B4FD37BE2987C92F00245E0C /* Frameworks */ = {
			isa = PBXFrameworksBuildPhase;
			buildActionMask = 2147483647;
			files = (
				B4FD37F02987CBB300245E0C /* ComposableArchitecture in Frameworks */,
				B4FD37F32987CC0200245E0C /* Microya in Frameworks */,
			);
			runOnlyForDeploymentPostprocessing = 0;
		};
		B4FD37CE2987C93000245E0C /* Frameworks */ = {
			isa = PBXFrameworksBuildPhase;
			buildActionMask = 2147483647;
			files = (
			);
			runOnlyForDeploymentPostprocessing = 0;
		};
/* End PBXFrameworksBuildPhase section */

/* Begin PBXGroup section */
		B4EC4D572987FEC400B700BA /* Networking */ = {
			isa = PBXGroup;
			children = (
				B4EC4D622988081A00B700BA /* Responses */,
				B4EC4D5A2988021D00B700BA /* AlbumEndPoint.swift */,
			);
			path = Networking;
			sourceTree = "<group>";
		};
		B4EC4D622988081A00B700BA /* Responses */ = {
			isa = PBXGroup;
			children = (
				B4EC4D5E2988072E00B700BA /* AlbumError.swift */,
				B4EC4D58298800A800B700BA /* AlbumResponse.swift */,
			);
			path = Responses;
			sourceTree = "<group>";
		};
		B4FD37B82987C92F00245E0C = {
			isa = PBXGroup;
			children = (
				B4FD37C32987C92F00245E0C /* App */,
				B4FD37D42987C93000245E0C /* Tests */,
				B4FD37C22987C92F00245E0C /* Products */,
			);
			sourceTree = "<group>";
		};
		B4FD37C22987C92F00245E0C /* Products */ = {
			isa = PBXGroup;
			children = (
				B4FD37C12987C92F00245E0C /* Muzik.app */,
				B4FD37D12987C93000245E0C /* MuzikTests.xctest */,
			);
			name = Products;
			sourceTree = "<group>";
		};
		B4FD37C32987C92F00245E0C /* App */ = {
			isa = PBXGroup;
			children = (
				B4FD37F42987CC4900245E0C /* Sources */,
				B4FD37F62987CEEA00245E0C /* Resources */,
			);
			path = App;
			sourceTree = "<group>";
		};
		B4FD37D42987C93000245E0C /* Tests */ = {
			isa = PBXGroup;
			children = (
				B4FD37D52987C93000245E0C /* AlbumViewTests.swift */,
			);
			path = Tests;
			sourceTree = "<group>";
		};
		B4FD37F42987CC4900245E0C /* Sources */ = {
			isa = PBXGroup;
			children = (
				B4EC4D572987FEC400B700BA /* Networking */,
				B4FD37F92987EBF800245E0C /* Design */,
				B4EC4D60298807E400B700BA /* MuzikApp.swift */,
				B4EC4D5C2988066800B700BA /* AppError.swift */,
				B4FD37C62987C92F00245E0C /* AppView.swift */,
			);
			path = Sources;
			sourceTree = "<group>";
		};
		B4FD37F62987CEEA00245E0C /* Resources */ = {
			isa = PBXGroup;
			children = (
				B4FD37C82987C93000245E0C /* Assets.xcassets */,
			);
			path = Resources;
			sourceTree = "<group>";
		};
		B4FD37F92987EBF800245E0C /* Design */ = {
			isa = PBXGroup;
			children = (
				B4FD38022987F4B500245E0C /* Components */,
				B4FD38052987F7BF00245E0C /* Shared */,
			);
			path = Design;
			sourceTree = "<group>";
		};
		B4FD38022987F4B500245E0C /* Components */ = {
			isa = PBXGroup;
			children = (
				B4FD38002987F2E300245E0C /* ImageViewStore.swift */,
				B4FD37FE2987F2B200245E0C /* ImageView.swift */,
				B4FD37FC2987EC9700245E0C /* AlbumStore.swift */,
				B4FD37FA2987EC4500245E0C /* AlbumView.swift */,
			);
			path = Components;
			sourceTree = "<group>";
		};
		B4FD38052987F7BF00245E0C /* Shared */ = {
			isa = PBXGroup;
			children = (
				B4FD38032987F6BB00245E0C /* Constants.swift */,
			);
			path = Shared;
			sourceTree = "<group>";
		};
/* End PBXGroup section */

/* Begin PBXNativeTarget section */
		B4FD37C02987C92F00245E0C /* Muzik */ = {
			isa = PBXNativeTarget;
			buildConfigurationList = B4FD37E52987C93000245E0C /* Build configuration list for PBXNativeTarget "Muzik" */;
			buildPhases = (
				B4FD37BD2987C92F00245E0C /* Sources */,
				B4FD37BE2987C92F00245E0C /* Frameworks */,
				B4FD37BF2987C92F00245E0C /* Resources */,
			);
			buildRules = (
			);
			dependencies = (
			);
			name = Muzik;
			packageProductDependencies = (
				B4FD37EF2987CBB300245E0C /* ComposableArchitecture */,
				B4FD37F22987CC0200245E0C /* Microya */,
			);
			productName = Muzik;
			productReference = B4FD37C12987C92F00245E0C /* Muzik.app */;
			productType = "com.apple.product-type.application";
		};
		B4FD37D02987C93000245E0C /* MuzikTests */ = {
			isa = PBXNativeTarget;
			buildConfigurationList = B4FD37E82987C93000245E0C /* Build configuration list for PBXNativeTarget "MuzikTests" */;
			buildPhases = (
				B4FD37CD2987C93000245E0C /* Sources */,
				B4FD37CE2987C93000245E0C /* Frameworks */,
				B4FD37CF2987C93000245E0C /* Resources */,
			);
			buildRules = (
			);
			dependencies = (
				B4FD37D32987C93000245E0C /* PBXTargetDependency */,
			);
			name = MuzikTests;
			productName = MuzikTests;
			productReference = B4FD37D12987C93000245E0C /* MuzikTests.xctest */;
			productType = "com.apple.product-type.bundle.unit-test";
		};
/* End PBXNativeTarget section */

/* Begin PBXProject section */
		B4FD37B92987C92F00245E0C /* Project object */ = {
			isa = PBXProject;
			attributes = {
				BuildIndependentTargetsInParallel = 1;
				LastSwiftUpdateCheck = 1410;
				LastUpgradeCheck = 1410;
				TargetAttributes = {
					B4FD37C02987C92F00245E0C = {
						CreatedOnToolsVersion = 14.1;
					};
					B4FD37D02987C93000245E0C = {
						CreatedOnToolsVersion = 14.1;
						TestTargetID = B4FD37C02987C92F00245E0C;
					};
				};
			};
			buildConfigurationList = B4FD37BC2987C92F00245E0C /* Build configuration list for PBXProject "Muzik" */;
			compatibilityVersion = "Xcode 14.0";
			developmentRegion = en;
			hasScannedForEncodings = 0;
			knownRegions = (
				en,
				Base,
			);
			mainGroup = B4FD37B82987C92F00245E0C;
			packageReferences = (
				B4FD37EE2987CBB300245E0C /* XCRemoteSwiftPackageReference "swift-composable-architecture" */,
				B4FD37F12987CC0200245E0C /* XCRemoteSwiftPackageReference "Microya" */,
			);
			productRefGroup = B4FD37C22987C92F00245E0C /* Products */;
			projectDirPath = "";
			projectRoot = "";
			targets = (
				B4FD37C02987C92F00245E0C /* Muzik */,
				B4FD37D02987C93000245E0C /* MuzikTests */,
			);
		};
/* End PBXProject section */

/* Begin PBXResourcesBuildPhase section */
		B4FD37BF2987C92F00245E0C /* Resources */ = {
			isa = PBXResourcesBuildPhase;
			buildActionMask = 2147483647;
			files = (
				B4FD37C92987C93000245E0C /* Assets.xcassets in Resources */,
			);
			runOnlyForDeploymentPostprocessing = 0;
		};
		B4FD37CF2987C93000245E0C /* Resources */ = {
			isa = PBXResourcesBuildPhase;
			buildActionMask = 2147483647;
			files = (
			);
			runOnlyForDeploymentPostprocessing = 0;
		};
/* End PBXResourcesBuildPhase section */

/* Begin PBXSourcesBuildPhase section */
		B4FD37BD2987C92F00245E0C /* Sources */ = {
			isa = PBXSourcesBuildPhase;
			buildActionMask = 2147483647;
			files = (
				B4FD37FB2987EC4500245E0C /* AlbumView.swift in Sources */,
				B4FD38012987F2E300245E0C /* ImageViewStore.swift in Sources */,
				B4EC4D5D2988066800B700BA /* AppError.swift in Sources */,
				B4EC4D61298807E400B700BA /* MuzikApp.swift in Sources */,
				B4FD37C72987C92F00245E0C /* AppView.swift in Sources */,
				B4FD37FF2987F2B200245E0C /* ImageView.swift in Sources */,
				B4FD38042987F6BB00245E0C /* Constants.swift in Sources */,
				B4EC4D5F2988072E00B700BA /* AlbumError.swift in Sources */,
				B4EC4D59298800A800B700BA /* AlbumResponse.swift in Sources */,
				B4FD37FD2987EC9700245E0C /* AlbumStore.swift in Sources */,
				B4EC4D5B2988021D00B700BA /* AlbumEndPoint.swift in Sources */,
			);
			runOnlyForDeploymentPostprocessing = 0;
		};
		B4FD37CD2987C93000245E0C /* Sources */ = {
			isa = PBXSourcesBuildPhase;
			buildActionMask = 2147483647;
			files = (
				B4FD37D62987C93000245E0C /* AlbumViewTests.swift in Sources */,
			);
			runOnlyForDeploymentPostprocessing = 0;
		};
/* End PBXSourcesBuildPhase section */

/* Begin PBXTargetDependency section */
		B4FD37D32987C93000245E0C /* PBXTargetDependency */ = {
			isa = PBXTargetDependency;
			target = B4FD37C02987C92F00245E0C /* Muzik */;
			targetProxy = B4FD37D22987C93000245E0C /* PBXContainerItemProxy */;
		};
/* End PBXTargetDependency section */

/* Begin XCBuildConfiguration section */
		B4FD37E32987C93000245E0C /* Debug */ = {
			isa = XCBuildConfiguration;
			buildSettings = {
				ALWAYS_SEARCH_USER_PATHS = NO;
				CLANG_ANALYZER_NONNULL = YES;
				CLANG_ANALYZER_NUMBER_OBJECT_CONVERSION = YES_AGGRESSIVE;
				CLANG_CXX_LANGUAGE_STANDARD = "gnu++20";
				CLANG_ENABLE_MODULES = YES;
				CLANG_ENABLE_OBJC_ARC = YES;
				CLANG_ENABLE_OBJC_WEAK = YES;
				CLANG_WARN_BLOCK_CAPTURE_AUTORELEASING = YES;
				CLANG_WARN_BOOL_CONVERSION = YES;
				CLANG_WARN_COMMA = YES;
				CLANG_WARN_CONSTANT_CONVERSION = YES;
				CLANG_WARN_DEPRECATED_OBJC_IMPLEMENTATIONS = YES;
				CLANG_WARN_DIRECT_OBJC_ISA_USAGE = YES_ERROR;
				CLANG_WARN_DOCUMENTATION_COMMENTS = YES;
				CLANG_WARN_EMPTY_BODY = YES;
				CLANG_WARN_ENUM_CONVERSION = YES;
				CLANG_WARN_INFINITE_RECURSION = YES;
				CLANG_WARN_INT_CONVERSION = YES;
				CLANG_WARN_NON_LITERAL_NULL_CONVERSION = YES;
				CLANG_WARN_OBJC_IMPLICIT_RETAIN_SELF = YES;
				CLANG_WARN_OBJC_LITERAL_CONVERSION = YES;
				CLANG_WARN_OBJC_ROOT_CLASS = YES_ERROR;
				CLANG_WARN_QUOTED_INCLUDE_IN_FRAMEWORK_HEADER = YES;
				CLANG_WARN_RANGE_LOOP_ANALYSIS = YES;
				CLANG_WARN_STRICT_PROTOTYPES = YES;
				CLANG_WARN_SUSPICIOUS_MOVE = YES;
				CLANG_WARN_UNGUARDED_AVAILABILITY = YES_AGGRESSIVE;
				CLANG_WARN_UNREACHABLE_CODE = YES;
				CLANG_WARN__DUPLICATE_METHOD_MATCH = YES;
				COPY_PHASE_STRIP = NO;
				DEBUG_INFORMATION_FORMAT = dwarf;
				ENABLE_STRICT_OBJC_MSGSEND = YES;
				ENABLE_TESTABILITY = YES;
				GCC_C_LANGUAGE_STANDARD = gnu11;
				GCC_DYNAMIC_NO_PIC = NO;
				GCC_NO_COMMON_BLOCKS = YES;
				GCC_OPTIMIZATION_LEVEL = 0;
				GCC_PREPROCESSOR_DEFINITIONS = (
					"DEBUG=1",
					"$(inherited)",
				);
				GCC_WARN_64_TO_32_BIT_CONVERSION = YES;
				GCC_WARN_ABOUT_RETURN_TYPE = YES_ERROR;
				GCC_WARN_UNDECLARED_SELECTOR = YES;
				GCC_WARN_UNINITIALIZED_AUTOS = YES_AGGRESSIVE;
				GCC_WARN_UNUSED_FUNCTION = YES;
				GCC_WARN_UNUSED_VARIABLE = YES;
				IPHONEOS_DEPLOYMENT_TARGET = 16.1;
				MTL_ENABLE_DEBUG_INFO = INCLUDE_SOURCE;
				MTL_FAST_MATH = YES;
				ONLY_ACTIVE_ARCH = YES;
				SDKROOT = iphoneos;
				SWIFT_ACTIVE_COMPILATION_CONDITIONS = DEBUG;
				SWIFT_OPTIMIZATION_LEVEL = "-Onone";
			};
			name = Debug;
		};
		B4FD37E42987C93000245E0C /* Release */ = {
			isa = XCBuildConfiguration;
			buildSettings = {
				ALWAYS_SEARCH_USER_PATHS = NO;
				CLANG_ANALYZER_NONNULL = YES;
				CLANG_ANALYZER_NUMBER_OBJECT_CONVERSION = YES_AGGRESSIVE;
				CLANG_CXX_LANGUAGE_STANDARD = "gnu++20";
				CLANG_ENABLE_MODULES = YES;
				CLANG_ENABLE_OBJC_ARC = YES;
				CLANG_ENABLE_OBJC_WEAK = YES;
				CLANG_WARN_BLOCK_CAPTURE_AUTORELEASING = YES;
				CLANG_WARN_BOOL_CONVERSION = YES;
				CLANG_WARN_COMMA = YES;
				CLANG_WARN_CONSTANT_CONVERSION = YES;
				CLANG_WARN_DEPRECATED_OBJC_IMPLEMENTATIONS = YES;
				CLANG_WARN_DIRECT_OBJC_ISA_USAGE = YES_ERROR;
				CLANG_WARN_DOCUMENTATION_COMMENTS = YES;
				CLANG_WARN_EMPTY_BODY = YES;
				CLANG_WARN_ENUM_CONVERSION = YES;
				CLANG_WARN_INFINITE_RECURSION = YES;
				CLANG_WARN_INT_CONVERSION = YES;
				CLANG_WARN_NON_LITERAL_NULL_CONVERSION = YES;
				CLANG_WARN_OBJC_IMPLICIT_RETAIN_SELF = YES;
				CLANG_WARN_OBJC_LITERAL_CONVERSION = YES;
				CLANG_WARN_OBJC_ROOT_CLASS = YES_ERROR;
				CLANG_WARN_QUOTED_INCLUDE_IN_FRAMEWORK_HEADER = YES;
				CLANG_WARN_RANGE_LOOP_ANALYSIS = YES;
				CLANG_WARN_STRICT_PROTOTYPES = YES;
				CLANG_WARN_SUSPICIOUS_MOVE = YES;
				CLANG_WARN_UNGUARDED_AVAILABILITY = YES_AGGRESSIVE;
				CLANG_WARN_UNREACHABLE_CODE = YES;
				CLANG_WARN__DUPLICATE_METHOD_MATCH = YES;
				COPY_PHASE_STRIP = NO;
				DEBUG_INFORMATION_FORMAT = "dwarf-with-dsym";
				ENABLE_NS_ASSERTIONS = NO;
				ENABLE_STRICT_OBJC_MSGSEND = YES;
				GCC_C_LANGUAGE_STANDARD = gnu11;
				GCC_NO_COMMON_BLOCKS = YES;
				GCC_WARN_64_TO_32_BIT_CONVERSION = YES;
				GCC_WARN_ABOUT_RETURN_TYPE = YES_ERROR;
				GCC_WARN_UNDECLARED_SELECTOR = YES;
				GCC_WARN_UNINITIALIZED_AUTOS = YES_AGGRESSIVE;
				GCC_WARN_UNUSED_FUNCTION = YES;
				GCC_WARN_UNUSED_VARIABLE = YES;
				IPHONEOS_DEPLOYMENT_TARGET = 16.1;
				MTL_ENABLE_DEBUG_INFO = NO;
				MTL_FAST_MATH = YES;
				SDKROOT = iphoneos;
				SWIFT_COMPILATION_MODE = wholemodule;
				SWIFT_OPTIMIZATION_LEVEL = "-O";
				VALIDATE_PRODUCT = YES;
			};
			name = Release;
		};
		B4FD37E62987C93000245E0C /* Debug */ = {
			isa = XCBuildConfiguration;
			buildSettings = {
				ASSETCATALOG_COMPILER_APPICON_NAME = AppIcon;
				ASSETCATALOG_COMPILER_GLOBAL_ACCENT_COLOR_NAME = AccentColor;
				CODE_SIGN_STYLE = Automatic;
				CURRENT_PROJECT_VERSION = 1;
				DEVELOPMENT_TEAM = 9TH46F6KBN;
				ENABLE_PREVIEWS = YES;
				GENERATE_INFOPLIST_FILE = YES;
				INFOPLIST_KEY_UIApplicationSceneManifest_Generation = YES;
				INFOPLIST_KEY_UIApplicationSupportsIndirectInputEvents = YES;
				INFOPLIST_KEY_UILaunchScreen_Generation = YES;
				INFOPLIST_KEY_UISupportedInterfaceOrientations_iPad = "UIInterfaceOrientationPortrait UIInterfaceOrientationPortraitUpsideDown UIInterfaceOrientationLandscapeLeft UIInterfaceOrientationLandscapeRight";
				INFOPLIST_KEY_UISupportedInterfaceOrientations_iPhone = "UIInterfaceOrientationPortrait UIInterfaceOrientationLandscapeLeft UIInterfaceOrientationLandscapeRight";
				LD_RUNPATH_SEARCH_PATHS = (
					"$(inherited)",
					"@executable_path/Frameworks",
				);
				MARKETING_VERSION = 1.0;
				PRODUCT_BUNDLE_IDENTIFIER = com.robot.Muzik;
				PRODUCT_NAME = "$(TARGET_NAME)";
				SWIFT_EMIT_LOC_STRINGS = YES;
				SWIFT_VERSION = 5.0;
				TARGETED_DEVICE_FAMILY = "1,2";
			};
			name = Debug;
		};
		B4FD37E72987C93000245E0C /* Release */ = {
			isa = XCBuildConfiguration;
			buildSettings = {
				ASSETCATALOG_COMPILER_APPICON_NAME = AppIcon;
				ASSETCATALOG_COMPILER_GLOBAL_ACCENT_COLOR_NAME = AccentColor;
				CODE_SIGN_STYLE = Automatic;
				CURRENT_PROJECT_VERSION = 1;
				DEVELOPMENT_TEAM = 9TH46F6KBN;
				ENABLE_PREVIEWS = YES;
				GENERATE_INFOPLIST_FILE = YES;
				INFOPLIST_KEY_UIApplicationSceneManifest_Generation = YES;
				INFOPLIST_KEY_UIApplicationSupportsIndirectInputEvents = YES;
				INFOPLIST_KEY_UILaunchScreen_Generation = YES;
				INFOPLIST_KEY_UISupportedInterfaceOrientations_iPad = "UIInterfaceOrientationPortrait UIInterfaceOrientationPortraitUpsideDown UIInterfaceOrientationLandscapeLeft UIInterfaceOrientationLandscapeRight";
				INFOPLIST_KEY_UISupportedInterfaceOrientations_iPhone = "UIInterfaceOrientationPortrait UIInterfaceOrientationLandscapeLeft UIInterfaceOrientationLandscapeRight";
				LD_RUNPATH_SEARCH_PATHS = (
					"$(inherited)",
					"@executable_path/Frameworks",
				);
				MARKETING_VERSION = 1.0;
				PRODUCT_BUNDLE_IDENTIFIER = com.robot.Muzik;
				PRODUCT_NAME = "$(TARGET_NAME)";
				SWIFT_EMIT_LOC_STRINGS = YES;
				SWIFT_VERSION = 5.0;
				TARGETED_DEVICE_FAMILY = "1,2";
			};
			name = Release;
		};
		B4FD37E92987C93000245E0C /* Debug */ = {
			isa = XCBuildConfiguration;
			buildSettings = {
				ALWAYS_EMBED_SWIFT_STANDARD_LIBRARIES = YES;
				BUNDLE_LOADER = "$(TEST_HOST)";
				CODE_SIGN_STYLE = Automatic;
				CURRENT_PROJECT_VERSION = 1;
				DEVELOPMENT_TEAM = 9TH46F6KBN;
				GENERATE_INFOPLIST_FILE = YES;
				IPHONEOS_DEPLOYMENT_TARGET = 16.1;
				MARKETING_VERSION = 1.0;
				PRODUCT_BUNDLE_IDENTIFIER = com.robot.MuzikTests;
				PRODUCT_NAME = "$(TARGET_NAME)";
				SWIFT_EMIT_LOC_STRINGS = NO;
				SWIFT_VERSION = 5.0;
				TARGETED_DEVICE_FAMILY = "1,2";
				TEST_HOST = "$(BUILT_PRODUCTS_DIR)/Muzik.app/$(BUNDLE_EXECUTABLE_FOLDER_PATH)/Muzik";
			};
			name = Debug;
		};
		B4FD37EA2987C93000245E0C /* Release */ = {
			isa = XCBuildConfiguration;
			buildSettings = {
				ALWAYS_EMBED_SWIFT_STANDARD_LIBRARIES = YES;
				BUNDLE_LOADER = "$(TEST_HOST)";
				CODE_SIGN_STYLE = Automatic;
				CURRENT_PROJECT_VERSION = 1;
				DEVELOPMENT_TEAM = 9TH46F6KBN;
				GENERATE_INFOPLIST_FILE = YES;
				IPHONEOS_DEPLOYMENT_TARGET = 16.1;
				MARKETING_VERSION = 1.0;
				PRODUCT_BUNDLE_IDENTIFIER = com.robot.MuzikTests;
				PRODUCT_NAME = "$(TARGET_NAME)";
				SWIFT_EMIT_LOC_STRINGS = NO;
				SWIFT_VERSION = 5.0;
				TARGETED_DEVICE_FAMILY = "1,2";
				TEST_HOST = "$(BUILT_PRODUCTS_DIR)/Muzik.app/$(BUNDLE_EXECUTABLE_FOLDER_PATH)/Muzik";
			};
			name = Release;
		};
/* End XCBuildConfiguration section */

/* Begin XCConfigurationList section */
		B4FD37BC2987C92F00245E0C /* Build configuration list for PBXProject "Muzik" */ = {
			isa = XCConfigurationList;
			buildConfigurations = (
				B4FD37E32987C93000245E0C /* Debug */,
				B4FD37E42987C93000245E0C /* Release */,
			);
			defaultConfigurationIsVisible = 0;
			defaultConfigurationName = Release;
		};
		B4FD37E52987C93000245E0C /* Build configuration list for PBXNativeTarget "Muzik" */ = {
			isa = XCConfigurationList;
			buildConfigurations = (
				B4FD37E62987C93000245E0C /* Debug */,
				B4FD37E72987C93000245E0C /* Release */,
			);
			defaultConfigurationIsVisible = 0;
			defaultConfigurationName = Release;
		};
		B4FD37E82987C93000245E0C /* Build configuration list for PBXNativeTarget "MuzikTests" */ = {
			isa = XCConfigurationList;
			buildConfigurations = (
				B4FD37E92987C93000245E0C /* Debug */,
				B4FD37EA2987C93000245E0C /* Release */,
			);
			defaultConfigurationIsVisible = 0;
			defaultConfigurationName = Release;
		};
/* End XCConfigurationList section */

/* Begin XCRemoteSwiftPackageReference section */
		B4FD37EE2987CBB300245E0C /* XCRemoteSwiftPackageReference "swift-composable-architecture" */ = {
			isa = XCRemoteSwiftPackageReference;
			repositoryURL = "https://github.com/pointfreeco/swift-composable-architecture";
			requirement = {
				kind = upToNextMajorVersion;
				minimumVersion = 0.9.0;
			};
		};
		B4FD37F12987CC0200245E0C /* XCRemoteSwiftPackageReference "Microya" */ = {
			isa = XCRemoteSwiftPackageReference;
			repositoryURL = "https://github.com/FlineDev/Microya/";
			requirement = {
				kind = upToNextMajorVersion;
				minimumVersion = 0.7.0;
			};
		};
/* End XCRemoteSwiftPackageReference section */

/* Begin XCSwiftPackageProductDependency section */
		B4FD37EF2987CBB300245E0C /* ComposableArchitecture */ = {
			isa = XCSwiftPackageProductDependency;
			package = B4FD37EE2987CBB300245E0C /* XCRemoteSwiftPackageReference "swift-composable-architecture" */;
			productName = ComposableArchitecture;
		};
		B4FD37F22987CC0200245E0C /* Microya */ = {
			isa = XCSwiftPackageProductDependency;
			package = B4FD37F12987CC0200245E0C /* XCRemoteSwiftPackageReference "Microya" */;
			productName = Microya;
		};
/* End XCSwiftPackageProductDependency section */
	};
	rootObject = B4FD37B92987C92F00245E0C /* Project object */;
}
